<Solution>
  <Folder Name="/src/">
    <Project Path="src/Koma.Cli/Koma.Cli.csproj" />
    <Project Path="src/Koma.Core/Koma.Core.csproj" />
    <Project Path="src/Koma.Desktop/Koma.Desktop.csproj" />
    <Project Path="src/Koma.Imaging/Koma.Imaging.csproj" />
  </Folder>
  <Folder Name="/tests/">
    <Project Path="tests/Koma.Core.Tests/Koma.Core.Tests.csproj" />
    <Project Path="tests/Koma.Imaging.Tests/Koma.Imaging.Tests.csproj" />
  </Folder>
</Solution>